# This file is automatically @generated by Cargo.
# It is not intended for manual editing.
version = 4

[[package]]
name = "use-frequency"
version = "0.1.0"

[[package]]
name = "use-period"
version = "0.1.0"

[[package]]
name = "use-phase"
version = "0.1.0"

[[package]]
name = "use-wave-speed"
version = "0.1.0"

[[package]]
name = "use-wavelength"
version = "0.1.0"
